
Microsoft Visual Studio Solution File, Format Version 12.00
# Visual Studio Version 17
VisualStudioVersion = 17.5.33516.290
MinimumVisualStudioVersion = 10.0.40219.1
Project("{FAE04EC0-301F-11D3-BF4B-00C04F79EFBC}") = "BlazorEcommerce.Server", "BlazorEcommerce\Server\BlazorEcommerce.Server.csproj", "{6922F495-CD6D-433C-8171-F82AC8BECF2E}"
EndProject
Project("{FAE04EC0-301F-11D3-BF4B-00C04F79EFBC}") = "BlazorEcommerce.Client", "BlazorEcommerce\Client\BlazorEcommerce.Client.csproj", "{3E37FCED-B7B4-4628-81C8-24713B995E49}"
EndProject
Project("{FAE04EC0-301F-11D3-BF4B-00C04F79EFBC}") = "BlazorEcommerce.Shared", "BlazorEcommerce\Shared\BlazorEcommerce.Shared.csproj", "{279747A6-7405-4F2D-B789-0B75FB77DB42}"
EndProject
Global
	GlobalSection(SolutionConfigurationPlatforms) = preSolution
		Debug|Any CPU = Debug|Any CPU
		Release|Any CPU = Release|Any CPU
	EndGlobalSection
	GlobalSection(ProjectConfigurationPlatforms) = postSolution
		{6922F495-CD6D-433C-8171-F82AC8BECF2E}.Debug|Any CPU.ActiveCfg = Debug|Any CPU
		{6922F495-CD6D-433C-8171-F82AC8BECF2E}.Debug|Any CPU.Build.0 = Debug|Any CPU
		{6922F495-CD6D-433C-8171-F82AC8BECF2E}.Release|Any CPU.ActiveCfg = Release|Any CPU
		{6922F495-CD6D-433C-8171-F82AC8BECF2E}.Release|Any CPU.Build.0 = Release|Any CPU
		{3E37FCED-B7B4-4628-81C8-24713B995E49}.Debug|Any CPU.ActiveCfg = Debug|Any CPU
		{3E37FCED-B7B4-4628-81C8-24713B995E49}.Debug|Any CPU.Build.0 = Debug|Any CPU
		{3E37FCED-B7B4-4628-81C8-24713B995E49}.Release|Any CPU.ActiveCfg = Release|Any CPU
		{3E37FCED-B7B4-4628-81C8-24713B995E49}.Release|Any CPU.Build.0 = Release|Any CPU
		{279747A6-7405-4F2D-B789-0B75FB77DB42}.Debug|Any CPU.ActiveCfg = Debug|Any CPU
		{279747A6-7405-4F2D-B789-0B75FB77DB42}.Debug|Any CPU.Build.0 = Debug|Any CPU
		{279747A6-7405-4F2D-B789-0B75FB77DB42}.Release|Any CPU.ActiveCfg = Release|Any CPU
		{279747A6-7405-4F2D-B789-0B75FB77DB42}.Release|Any CPU.Build.0 = Release|Any CPU
	EndGlobalSection
	GlobalSection(SolutionProperties) = preSolution
		HideSolutionNode = FALSE
	EndGlobalSection
	GlobalSection(ExtensibilityGlobals) = postSolution
		SolutionGuid = {120F4A0D-F82F-4ED1-B61E-216A64DD859F}
	EndGlobalSection
EndGlobal
